// !$*UTF8*$!
{
	archiveVersion = 1;
	classes = {
	};
	objectVersion = 56;
	objects = {

/* Begin PBXBuildFile section */
		C63ECC182C43756B007278B1 /* ios_testApp.swift in Sources */ = {isa = PBXBuildFile; fileRef = C63ECC172C43756B007278B1 /* ios_testApp.swift */; };
		C63ECC1A2C43756B007278B1 /* ContentView.swift in Sources */ = {isa = PBXBuildFile; fileRef = C63ECC192C43756B007278B1 /* ContentView.swift */; };
		C63ECC1C2C43756D007278B1 /* Assets.xcassets in Resources */ = {isa = PBXBuildFile; fileRef = C63ECC1B2C43756D007278B1 /* Assets.xcassets */; };
		C63ECC1F2C43756D007278B1 /* Preview Assets.xcassets in Resources */ = {isa = PBXBuildFile; fileRef = C63ECC1E2C43756D007278B1 /* Preview Assets.xcassets */; };
		C63ECC292C43756D007278B1 /* ios_testTests.swift in Sources */ = {isa = PBXBuildFile; fileRef = C63ECC282C43756D007278B1 /* ios_testTests.swift */; };
		C63ECC332C43756D007278B1 /* ios_testUITests.swift in Sources */ = {isa = PBXBuildFile; fileRef = C63ECC322C43756D007278B1 /* ios_testUITests.swift */; };
		C63ECC352C43756D007278B1 /* ios_testUITestsLaunchTests.swift in Sources */ = {isa = PBXBuildFile; fileRef = C63ECC342C43756D007278B1 /* ios_testUITestsLaunchTests.swift */; };
		C63ECC472C43992C007278B1 /* SwiftyGif in Frameworks */ = {isa = PBXBuildFile; productRef = C63ECC462C43992C007278B1 /* SwiftyGif */; };
		C63ECC492C439C02007278B1 /* dat_boi.gif in Resources */ = {isa = PBXBuildFile; fileRef = C63ECC482C439C02007278B1 /* dat_boi.gif */; };
/* End PBXBuildFile section */

/* Begin PBXContainerItemProxy section */
		C63ECC252C43756D007278B1 /* PBXContainerItemProxy */ = {
			isa = PBXContainerItemProxy;
			containerPortal = C63ECC0C2C43756B007278B1 /* Project object */;
			proxyType = 1;
			remoteGlobalIDString = C63ECC132C43756B007278B1;
			remoteInfo = "ios-test";
		};
		C63ECC2F2C43756D007278B1 /* PBXContainerItemProxy */ = {
			isa = PBXContainerItemProxy;
			containerPortal = C63ECC0C2C43756B007278B1 /* Project object */;
			proxyType = 1;
			remoteGlobalIDString = C63ECC132C43756B007278B1;
			remoteInfo = "ios-test";
		};
/* End PBXContainerItemProxy section */

/* Begin PBXFileReference section */
		C63ECC142C43756B007278B1 /* ios-test.app */ = {isa = PBXFileReference; explicitFileType = wrapper.application; includeInIndex = 0; path = "ios-test.app"; sourceTree = BUILT_PRODUCTS_DIR; };
		C63ECC172C43756B007278B1 /* ios_testApp.swift */ = {isa = PBXFileReference; lastKnownFileType = sourcecode.swift; path = ios_testApp.swift; sourceTree = "<group>"; };
		C63ECC192C43756B007278B1 /* ContentView.swift */ = {isa = PBXFileReference; lastKnownFileType = sourcecode.swift; path = ContentView.swift; sourceTree = "<group>"; };
		C63ECC1B2C43756D007278B1 /* Assets.xcassets */ = {isa = PBXFileReference; lastKnownFileType = folder.assetcatalog; path = Assets.xcassets; sourceTree = "<group>"; };
		C63ECC1E2C43756D007278B1 /* Preview Assets.xcassets */ = {isa = PBXFileReference; lastKnownFileType = folder.assetcatalog; path = "Preview Assets.xcassets"; sourceTree = "<group>"; };
		C63ECC242C43756D007278B1 /* ios-testTests.xctest */ = {isa = PBXFileReference; explicitFileType = wrapper.cfbundle; includeInIndex = 0; path = "ios-testTests.xctest"; sourceTree = BUILT_PRODUCTS_DIR; };
		C63ECC282C43756D007278B1 /* ios_testTests.swift */ = {isa = PBXFileReference; lastKnownFileType = sourcecode.swift; path = ios_testTests.swift; sourceTree = "<group>"; };
		C63ECC2E2C43756D007278B1 /* ios-testUITests.xctest */ = {isa = PBXFileReference; explicitFileType = wrapper.cfbundle; includeInIndex = 0; path = "ios-testUITests.xctest"; sourceTree = BUILT_PRODUCTS_DIR; };
		C63ECC322C43756D007278B1 /* ios_testUITests.swift */ = {isa = PBXFileReference; lastKnownFileType = sourcecode.swift; path = ios_testUITests.swift; sourceTree = "<group>"; };
		C63ECC342C43756D007278B1 /* ios_testUITestsLaunchTests.swift */ = {isa = PBXFileReference; lastKnownFileType = sourcecode.swift; path = ios_testUITestsLaunchTests.swift; sourceTree = "<group>"; };
		C63ECC482C439C02007278B1 /* dat_boi.gif */ = {isa = PBXFileReference; lastKnownFileType = image.gif; name = dat_boi.gif; path = "ios-test/gifs/dat_boi.gif"; sourceTree = SOURCE_ROOT; };
/* End PBXFileReference section */

/* Begin PBXFrameworksBuildPhase section */
		C63ECC112C43756B007278B1 /* Frameworks */ = {
			isa = PBXFrameworksBuildPhase;
			buildActionMask = 2147483647;
			files = (
				C63ECC472C43992C007278B1 /* SwiftyGif in Frameworks */,
			);
			runOnlyForDeploymentPostprocessing = 0;
		};
		C63ECC212C43756D007278B1 /* Frameworks */ = {
			isa = PBXFrameworksBuildPhase;
			buildActionMask = 2147483647;
			files = (
			);
			runOnlyForDeploymentPostprocessing = 0;
		};
		C63ECC2B2C43756D007278B1 /* Frameworks */ = {
			isa = PBXFrameworksBuildPhase;
			buildActionMask = 2147483647;
			files = (
			);
			runOnlyForDeploymentPostprocessing = 0;
		};
/* End PBXFrameworksBuildPhase section */

/* Begin PBXGroup section */
		C63ECC0B2C43756B007278B1 = {
			isa = PBXGroup;
			children = (
				C63ECC162C43756B007278B1 /* ios-test */,
				C63ECC272C43756D007278B1 /* ios-testTests */,
				C63ECC312C43756D007278B1 /* ios-testUITests */,
				C63ECC152C43756B007278B1 /* Products */,
				C63ECC452C43992C007278B1 /* Frameworks */,
			);
			sourceTree = "<group>";
		};
		C63ECC152C43756B007278B1 /* Products */ = {
			isa = PBXGroup;
			children = (
				C63ECC142C43756B007278B1 /* ios-test.app */,
				C63ECC242C43756D007278B1 /* ios-testTests.xctest */,
				C63ECC2E2C43756D007278B1 /* ios-testUITests.xctest */,
			);
			name = Products;
			sourceTree = "<group>";
		};
		C63ECC162C43756B007278B1 /* ios-test */ = {
			isa = PBXGroup;
			children = (
				C63ECC442C43943E007278B1 /* gifs */,
				C63ECC172C43756B007278B1 /* ios_testApp.swift */,
				C63ECC192C43756B007278B1 /* ContentView.swift */,
				C63ECC1B2C43756D007278B1 /* Assets.xcassets */,
				C63ECC1D2C43756D007278B1 /* Preview Content */,
			);
			path = "ios-test";
			sourceTree = "<group>";
		};
		C63ECC1D2C43756D007278B1 /* Preview Content */ = {
			isa = PBXGroup;
			children = (
				C63ECC1E2C43756D007278B1 /* Preview Assets.xcassets */,
			);
			path = "Preview Content";
			sourceTree = "<group>";
		};
		C63ECC272C43756D007278B1 /* ios-testTests */ = {
			isa = PBXGroup;
			children = (
				C63ECC282C43756D007278B1 /* ios_testTests.swift */,
			);
			path = "ios-testTests";
			sourceTree = "<group>";
		};
		C63ECC312C43756D007278B1 /* ios-testUITests */ = {
			isa = PBXGroup;
			children = (
				C63ECC322C43756D007278B1 /* ios_testUITests.swift */,
				C63ECC342C43756D007278B1 /* ios_testUITestsLaunchTests.swift */,
			);
			path = "ios-testUITests";
			sourceTree = "<group>";
		};
		C63ECC442C43943E007278B1 /* gifs */ = {
			isa = PBXGroup;
			children = (
				C63ECC482C439C02007278B1 /* dat_boi.gif */,
			);
			path = gifs;
			sourceTree = "<group>";
		};
		C63ECC452C43992C007278B1 /* Frameworks */ = {
			isa = PBXGroup;
			children = (
			);
			name = Frameworks;
			sourceTree = "<group>";
		};
/* End PBXGroup section */

/* Begin PBXNativeTarget section */
		C63ECC132C43756B007278B1 /* ios-test */ = {
			isa = PBXNativeTarget;
			buildConfigurationList = C63ECC382C43756D007278B1 /* Build configuration list for PBXNativeTarget "ios-test" */;
			buildPhases = (
				C63ECC102C43756B007278B1 /* Sources */,
				C63ECC112C43756B007278B1 /* Frameworks */,
				C63ECC122C43756B007278B1 /* Resources */,
			);
			buildRules = (
			);
			dependencies = (
			);
			name = "ios-test";
			packageProductDependencies = (
				C63ECC462C43992C007278B1 /* SwiftyGif */,
			);
			productName = "ios-test";
			productReference = C63ECC142C43756B007278B1 /* ios-test.app */;
			productType = "com.apple.product-type.application";
		};
		C63ECC232C43756D007278B1 /* ios-testTests */ = {
			isa = PBXNativeTarget;
			buildConfigurationList = C63ECC3B2C43756D007278B1 /* Build configuration list for PBXNativeTarget "ios-testTests" */;
			buildPhases = (
				C63ECC202C43756D007278B1 /* Sources */,
				C63ECC212C43756D007278B1 /* Frameworks */,
				C63ECC222C43756D007278B1 /* Resources */,
			);
			buildRules = (
			);
			dependencies = (
				C63ECC262C43756D007278B1 /* PBXTargetDependency */,
			);
			name = "ios-testTests";
			productName = "ios-testTests";
			productReference = C63ECC242C43756D007278B1 /* ios-testTests.xctest */;
			productType = "com.apple.product-type.bundle.unit-test";
		};
		C63ECC2D2C43756D007278B1 /* ios-testUITests */ = {
			isa = PBXNativeTarget;
			buildConfigurationList = C63ECC3E2C43756D007278B1 /* Build configuration list for PBXNativeTarget "ios-testUITests" */;
			buildPhases = (
				C63ECC2A2C43756D007278B1 /* Sources */,
				C63ECC2B2C43756D007278B1 /* Frameworks */,
				C63ECC2C2C43756D007278B1 /* Resources */,
			);
			buildRules = (
			);
			dependencies = (
				C63ECC302C43756D007278B1 /* PBXTargetDependency */,
			);
			name = "ios-testUITests";
			productName = "ios-testUITests";
			productReference = C63ECC2E2C43756D007278B1 /* ios-testUITests.xctest */;
			productType = "com.apple.product-type.bundle.ui-testing";
		};
/* End PBXNativeTarget section */

/* Begin PBXProject section */
		C63ECC0C2C43756B007278B1 /* Project object */ = {
			isa = PBXProject;
			attributes = {
				BuildIndependentTargetsInParallel = 1;
				LastSwiftUpdateCheck = 1540;
				LastUpgradeCheck = 1540;
				TargetAttributes = {
					C63ECC132C43756B007278B1 = {
						CreatedOnToolsVersion = 15.4;
					};
					C63ECC232C43756D007278B1 = {
						CreatedOnToolsVersion = 15.4;
						TestTargetID = C63ECC132C43756B007278B1;
					};
					C63ECC2D2C43756D007278B1 = {
						CreatedOnToolsVersion = 15.4;
						TestTargetID = C63ECC132C43756B007278B1;
					};
				};
			};
			buildConfigurationList = C63ECC0F2C43756B007278B1 /* Build configuration list for PBXProject "ios-test" */;
			compatibilityVersion = "Xcode 14.0";
			developmentRegion = en;
			hasScannedForEncodings = 0;
			knownRegions = (
				en,
				Base,
			);
			mainGroup = C63ECC0B2C43756B007278B1;
			packageReferences = (
				C63ECC432C439422007278B1 /* XCRemoteSwiftPackageReference "SwiftyGif" */,
			);
			productRefGroup = C63ECC152C43756B007278B1 /* Products */;
			projectDirPath = "";
			projectRoot = "";
			targets = (
				C63ECC132C43756B007278B1 /* ios-test */,
				C63ECC232C43756D007278B1 /* ios-testTests */,
				C63ECC2D2C43756D007278B1 /* ios-testUITests */,
			);
		};
/* End PBXProject section */

/* Begin PBXResourcesBuildPhase section */
		C63ECC122C43756B007278B1 /* Resources */ = {
			isa = PBXResourcesBuildPhase;
			buildActionMask = 2147483647;
			files = (
				C63ECC1F2C43756D007278B1 /* Preview Assets.xcassets in Resources */,
				C63ECC1C2C43756D007278B1 /* Assets.xcassets in Resources */,
				C63ECC492C439C02007278B1 /* dat_boi.gif in Resources */,
			);
			runOnlyForDeploymentPostprocessing = 0;
		};
		C63ECC222C43756D007278B1 /* Resources */ = {
			isa = PBXResourcesBuildPhase;
			buildActionMask = 2147483647;
			files = (
			);
			runOnlyForDeploymentPostprocessing = 0;
		};
		C63ECC2C2C43756D007278B1 /* Resources */ = {
			isa = PBXResourcesBuildPhase;
			buildActionMask = 2147483647;
			files = (
			);
			runOnlyForDeploymentPostprocessing = 0;
		};
/* End PBXResourcesBuildPhase section */

/* Begin PBXSourcesBuildPhase section */
		C63ECC102C43756B007278B1 /* Sources */ = {
			isa = PBXSourcesBuildPhase;
			buildActionMask = 2147483647;
			files = (
				C63ECC1A2C43756B007278B1 /* ContentView.swift in Sources */,
				C63ECC182C43756B007278B1 /* ios_testApp.swift in Sources */,
			);
			runOnlyForDeploymentPostprocessing = 0;
		};
		C63ECC202C43756D007278B1 /* Sources */ = {
			isa = PBXSourcesBuildPhase;
			buildActionMask = 2147483647;
			files = (
				C63ECC292C43756D007278B1 /* ios_testTests.swift in Sources */,
			);
			runOnlyForDeploymentPostprocessing = 0;
		};
		C63ECC2A2C43756D007278B1 /* Sources */ = {
			isa = PBXSourcesBuildPhase;
			buildActionMask = 2147483647;
			files = (
				C63ECC352C43756D007278B1 /* ios_testUITestsLaunchTests.swift in Sources */,
				C63ECC332C43756D007278B1 /* ios_testUITests.swift in Sources */,
			);
			runOnlyForDeploymentPostprocessing = 0;
		};
/* End PBXSourcesBuildPhase section */

/* Begin PBXTargetDependency section */
		C63ECC262C43756D007278B1 /* PBXTargetDependency */ = {
			isa = PBXTargetDependency;
			target = C63ECC132C43756B007278B1 /* ios-test */;
			targetProxy = C63ECC252C43756D007278B1 /* PBXContainerItemProxy */;
		};
		C63ECC302C43756D007278B1 /* PBXTargetDependency */ = {
			isa = PBXTargetDependency;
			target = C63ECC132C43756B007278B1 /* ios-test */;
			targetProxy = C63ECC2F2C43756D007278B1 /* PBXContainerItemProxy */;
		};
/* End PBXTargetDependency section */

/* Begin XCBuildConfiguration section */
		C63ECC362C43756D007278B1 /* Debug */ = {
			isa = XCBuildConfiguration;
			buildSettings = {
				ALWAYS_SEARCH_USER_PATHS = NO;
				ASSETCATALOG_COMPILER_GENERATE_SWIFT_ASSET_SYMBOL_EXTENSIONS = YES;
				CLANG_ANALYZER_NONNULL = YES;
				CLANG_ANALYZER_NUMBER_OBJECT_CONVERSION = YES_AGGRESSIVE;
				CLANG_CXX_LANGUAGE_STANDARD = "gnu++20";
				CLANG_ENABLE_MODULES = YES;
				CLANG_ENABLE_OBJC_ARC = YES;
				CLANG_ENABLE_OBJC_WEAK = YES;
				CLANG_WARN_BLOCK_CAPTURE_AUTORELEASING = YES;
				CLANG_WARN_BOOL_CONVERSION = YES;
				CLANG_WARN_COMMA = YES;
				CLANG_WARN_CONSTANT_CONVERSION = YES;
				CLANG_WARN_DEPRECATED_OBJC_IMPLEMENTATIONS = YES;
				CLANG_WARN_DIRECT_OBJC_ISA_USAGE = YES_ERROR;
				CLANG_WARN_DOCUMENTATION_COMMENTS = YES;
				CLANG_WARN_EMPTY_BODY = YES;
				CLANG_WARN_ENUM_CONVERSION = YES;
				CLANG_WARN_INFINITE_RECURSION = YES;
				CLANG_WARN_INT_CONVERSION = YES;
				CLANG_WARN_NON_LITERAL_NULL_CONVERSION = YES;
				CLANG_WARN_OBJC_IMPLICIT_RETAIN_SELF = YES;
				CLANG_WARN_OBJC_LITERAL_CONVERSION = YES;
				CLANG_WARN_OBJC_ROOT_CLASS = YES_ERROR;
				CLANG_WARN_QUOTED_INCLUDE_IN_FRAMEWORK_HEADER = YES;
				CLANG_WARN_RANGE_LOOP_ANALYSIS = YES;
				CLANG_WARN_STRICT_PROTOTYPES = YES;
				CLANG_WARN_SUSPICIOUS_MOVE = YES;
				CLANG_WARN_UNGUARDED_AVAILABILITY = YES_AGGRESSIVE;
				CLANG_WARN_UNREACHABLE_CODE = YES;
				CLANG_WARN__DUPLICATE_METHOD_MATCH = YES;
				COPY_PHASE_STRIP = NO;
				DEBUG_INFORMATION_FORMAT = dwarf;
				ENABLE_STRICT_OBJC_MSGSEND = YES;
				ENABLE_TESTABILITY = YES;
				ENABLE_USER_SCRIPT_SANDBOXING = YES;
				GCC_C_LANGUAGE_STANDARD = gnu17;
				GCC_DYNAMIC_NO_PIC = NO;
				GCC_NO_COMMON_BLOCKS = YES;
				GCC_OPTIMIZATION_LEVEL = 0;
				GCC_PREPROCESSOR_DEFINITIONS = (
					"DEBUG=1",
					"$(inherited)",
				);
				GCC_WARN_64_TO_32_BIT_CONVERSION = YES;
				GCC_WARN_ABOUT_RETURN_TYPE = YES_ERROR;
				GCC_WARN_UNDECLARED_SELECTOR = YES;
				GCC_WARN_UNINITIALIZED_AUTOS = YES_AGGRESSIVE;
				GCC_WARN_UNUSED_FUNCTION = YES;
				GCC_WARN_UNUSED_VARIABLE = YES;
				IPHONEOS_DEPLOYMENT_TARGET = 17.5;
				LOCALIZATION_PREFERS_STRING_CATALOGS = YES;
				MTL_ENABLE_DEBUG_INFO = INCLUDE_SOURCE;
				MTL_FAST_MATH = YES;
				ONLY_ACTIVE_ARCH = YES;
				SDKROOT = iphoneos;
				SWIFT_ACTIVE_COMPILATION_CONDITIONS = "DEBUG $(inherited)";
				SWIFT_OPTIMIZATION_LEVEL = "-Onone";
			};
			name = Debug;
		};
		C63ECC372C43756D007278B1 /* Release */ = {
			isa = XCBuildConfiguration;
			buildSettings = {
				ALWAYS_SEARCH_USER_PATHS = NO;
				ASSETCATALOG_COMPILER_GENERATE_SWIFT_ASSET_SYMBOL_EXTENSIONS = YES;
				CLANG_ANALYZER_NONNULL = YES;
				CLANG_ANALYZER_NUMBER_OBJECT_CONVERSION = YES_AGGRESSIVE;
				CLANG_CXX_LANGUAGE_STANDARD = "gnu++20";
				CLANG_ENABLE_MODULES = YES;
				CLANG_ENABLE_OBJC_ARC = YES;
				CLANG_ENABLE_OBJC_WEAK = YES;
				CLANG_WARN_BLOCK_CAPTURE_AUTORELEASING = YES;
				CLANG_WARN_BOOL_CONVERSION = YES;
				CLANG_WARN_COMMA = YES;
				CLANG_WARN_CONSTANT_CONVERSION = YES;
				CLANG_WARN_DEPRECATED_OBJC_IMPLEMENTATIONS = YES;
				CLANG_WARN_DIRECT_OBJC_ISA_USAGE = YES_ERROR;
				CLANG_WARN_DOCUMENTATION_COMMENTS = YES;
				CLANG_WARN_EMPTY_BODY = YES;
				CLANG_WARN_ENUM_CONVERSION = YES;
				CLANG_WARN_INFINITE_RECURSION = YES;
				CLANG_WARN_INT_CONVERSION = YES;
				CLANG_WARN_NON_LITERAL_NULL_CONVERSION = YES;
				CLANG_WARN_OBJC_IMPLICIT_RETAIN_SELF = YES;
				CLANG_WARN_OBJC_LITERAL_CONVERSION = YES;
				CLANG_WARN_OBJC_ROOT_CLASS = YES_ERROR;
				CLANG_WARN_QUOTED_INCLUDE_IN_FRAMEWORK_HEADER = YES;
				CLANG_WARN_RANGE_LOOP_ANALYSIS = YES;
				CLANG_WARN_STRICT_PROTOTYPES = YES;
				CLANG_WARN_SUSPICIOUS_MOVE = YES;
				CLANG_WARN_UNGUARDED_AVAILABILITY = YES_AGGRESSIVE;
				CLANG_WARN_UNREACHABLE_CODE = YES;
				CLANG_WARN__DUPLICATE_METHOD_MATCH = YES;
				COPY_PHASE_STRIP = NO;
				DEBUG_INFORMATION_FORMAT = "dwarf-with-dsym";
				ENABLE_NS_ASSERTIONS = NO;
				ENABLE_STRICT_OBJC_MSGSEND = YES;
				ENABLE_USER_SCRIPT_SANDBOXING = YES;
				GCC_C_LANGUAGE_STANDARD = gnu17;
				GCC_NO_COMMON_BLOCKS = YES;
				GCC_WARN_64_TO_32_BIT_CONVERSION = YES;
				GCC_WARN_ABOUT_RETURN_TYPE = YES_ERROR;
				GCC_WARN_UNDECLARED_SELECTOR = YES;
				GCC_WARN_UNINITIALIZED_AUTOS = YES_AGGRESSIVE;
				GCC_WARN_UNUSED_FUNCTION = YES;
				GCC_WARN_UNUSED_VARIABLE = YES;
				IPHONEOS_DEPLOYMENT_TARGET = 17.5;
				LOCALIZATION_PREFERS_STRING_CATALOGS = YES;
				MTL_ENABLE_DEBUG_INFO = NO;
				MTL_FAST_MATH = YES;
				SDKROOT = iphoneos;
				SWIFT_COMPILATION_MODE = wholemodule;
				VALIDATE_PRODUCT = YES;
			};
			name = Release;
		};
		C63ECC392C43756D007278B1 /* Debug */ = {
			isa = XCBuildConfiguration;
			buildSettings = {
				ASSETCATALOG_COMPILER_APPICON_NAME = AppIcon;
				ASSETCATALOG_COMPILER_GLOBAL_ACCENT_COLOR_NAME = AccentColor;
				CODE_SIGN_STYLE = Automatic;
				CURRENT_PROJECT_VERSION = 1;
				DEVELOPMENT_ASSET_PATHS = "\"ios-test/Preview Content\"";
				ENABLE_PREVIEWS = YES;
				GENERATE_INFOPLIST_FILE = YES;
				INFOPLIST_KEY_UIApplicationSceneManifest_Generation = YES;
				INFOPLIST_KEY_UIApplicationSupportsIndirectInputEvents = YES;
				INFOPLIST_KEY_UILaunchScreen_Generation = YES;
				INFOPLIST_KEY_UISupportedInterfaceOrientations_iPad = "UIInterfaceOrientationPortrait UIInterfaceOrientationPortraitUpsideDown UIInterfaceOrientationLandscapeLeft UIInterfaceOrientationLandscapeRight";
				INFOPLIST_KEY_UISupportedInterfaceOrientations_iPhone = "UIInterfaceOrientationPortrait UIInterfaceOrientationLandscapeLeft UIInterfaceOrientationLandscapeRight";
				LD_RUNPATH_SEARCH_PATHS = (
					"$(inherited)",
					"@executable_path/Frameworks",
				);
				MARKETING_VERSION = 1.0;
				PRODUCT_BUNDLE_IDENTIFIER = "friendcation.ios-test";
				PRODUCT_NAME = "$(TARGET_NAME)";
				SWIFT_EMIT_LOC_STRINGS = YES;
				SWIFT_VERSION = 5.0;
				TARGETED_DEVICE_FAMILY = "1,2";
			};
			name = Debug;
		};
		C63ECC3A2C43756D007278B1 /* Release */ = {
			isa = XCBuildConfiguration;
			buildSettings = {
				ASSETCATALOG_COMPILER_APPICON_NAME = AppIcon;
				ASSETCATALOG_COMPILER_GLOBAL_ACCENT_COLOR_NAME = AccentColor;
				CODE_SIGN_STYLE = Automatic;
				CURRENT_PROJECT_VERSION = 1;
				DEVELOPMENT_ASSET_PATHS = "\"ios-test/Preview Content\"";
				ENABLE_PREVIEWS = YES;
				GENERATE_INFOPLIST_FILE = YES;
				INFOPLIST_KEY_UIApplicationSceneManifest_Generation = YES;
				INFOPLIST_KEY_UIApplicationSupportsIndirectInputEvents = YES;
				INFOPLIST_KEY_UILaunchScreen_Generation = YES;
				INFOPLIST_KEY_UISupportedInterfaceOrientations_iPad = "UIInterfaceOrientationPortrait UIInterfaceOrientationPortraitUpsideDown UIInterfaceOrientationLandscapeLeft UIInterfaceOrientationLandscapeRight";
				INFOPLIST_KEY_UISupportedInterfaceOrientations_iPhone = "UIInterfaceOrientationPortrait UIInterfaceOrientationLandscapeLeft UIInterfaceOrientationLandscapeRight";
				LD_RUNPATH_SEARCH_PATHS = (
					"$(inherited)",
					"@executable_path/Frameworks",
				);
				MARKETING_VERSION = 1.0;
				PRODUCT_BUNDLE_IDENTIFIER = "friendcation.ios-test";
				PRODUCT_NAME = "$(TARGET_NAME)";
				SWIFT_EMIT_LOC_STRINGS = YES;
				SWIFT_VERSION = 5.0;
				TARGETED_DEVICE_FAMILY = "1,2";
			};
			name = Release;
		};
		C63ECC3C2C43756D007278B1 /* Debug */ = {
			isa = XCBuildConfiguration;
			buildSettings = {
				ALWAYS_EMBED_SWIFT_STANDARD_LIBRARIES = YES;
				BUNDLE_LOADER = "$(TEST_HOST)";
				CODE_SIGN_STYLE = Automatic;
				CURRENT_PROJECT_VERSION = 1;
				GENERATE_INFOPLIST_FILE = YES;
				IPHONEOS_DEPLOYMENT_TARGET = 17.5;
				MARKETING_VERSION = 1.0;
				PRODUCT_BUNDLE_IDENTIFIER = "friendcation.ios-testTests";
				PRODUCT_NAME = "$(TARGET_NAME)";
				SWIFT_EMIT_LOC_STRINGS = NO;
				SWIFT_VERSION = 5.0;
				TARGETED_DEVICE_FAMILY = "1,2";
				TEST_HOST = "$(BUILT_PRODUCTS_DIR)/ios-test.app/$(BUNDLE_EXECUTABLE_FOLDER_PATH)/ios-test";
			};
			name = Debug;
		};
		C63ECC3D2C43756D007278B1 /* Release */ = {
			isa = XCBuildConfiguration;
			buildSettings = {
				ALWAYS_EMBED_SWIFT_STANDARD_LIBRARIES = YES;
				BUNDLE_LOADER = "$(TEST_HOST)";
				CODE_SIGN_STYLE = Automatic;
				CURRENT_PROJECT_VERSION = 1;
				GENERATE_INFOPLIST_FILE = YES;
				IPHONEOS_DEPLOYMENT_TARGET = 17.5;
				MARKETING_VERSION = 1.0;
				PRODUCT_BUNDLE_IDENTIFIER = "friendcation.ios-testTests";
				PRODUCT_NAME = "$(TARGET_NAME)";
				SWIFT_EMIT_LOC_STRINGS = NO;
				SWIFT_VERSION = 5.0;
				TARGETED_DEVICE_FAMILY = "1,2";
				TEST_HOST = "$(BUILT_PRODUCTS_DIR)/ios-test.app/$(BUNDLE_EXECUTABLE_FOLDER_PATH)/ios-test";
			};
			name = Release;
		};
		C63ECC3F2C43756D007278B1 /* Debug */ = {
			isa = XCBuildConfiguration;
			buildSettings = {
				ALWAYS_EMBED_SWIFT_STANDARD_LIBRARIES = YES;
				CODE_SIGN_STYLE = Automatic;
				CURRENT_PROJECT_VERSION = 1;
				GENERATE_INFOPLIST_FILE = YES;
				MARKETING_VERSION = 1.0;
				PRODUCT_BUNDLE_IDENTIFIER = "friendcation.ios-testUITests";
				PRODUCT_NAME = "$(TARGET_NAME)";
				SWIFT_EMIT_LOC_STRINGS = NO;
				SWIFT_VERSION = 5.0;
				TARGETED_DEVICE_FAMILY = "1,2";
				TEST_TARGET_NAME = "ios-test";
			};
			name = Debug;
		};
		C63ECC402C43756D007278B1 /* Release */ = {
			isa = XCBuildConfiguration;
			buildSettings = {
				ALWAYS_EMBED_SWIFT_STANDARD_LIBRARIES = YES;
				CODE_SIGN_STYLE = Automatic;
				CURRENT_PROJECT_VERSION = 1;
				GENERATE_INFOPLIST_FILE = YES;
				MARKETING_VERSION = 1.0;
				PRODUCT_BUNDLE_IDENTIFIER = "friendcation.ios-testUITests";
				PRODUCT_NAME = "$(TARGET_NAME)";
				SWIFT_EMIT_LOC_STRINGS = NO;
				SWIFT_VERSION = 5.0;
				TARGETED_DEVICE_FAMILY = "1,2";
				TEST_TARGET_NAME = "ios-test";
			};
			name = Release;
		};
/* End XCBuildConfiguration section */

/* Begin XCConfigurationList section */
		C63ECC0F2C43756B007278B1 /* Build configuration list for PBXProject "ios-test" */ = {
			isa = XCConfigurationList;
			buildConfigurations = (
				C63ECC362C43756D007278B1 /* Debug */,
				C63ECC372C43756D007278B1 /* Release */,
			);
			defaultConfigurationIsVisible = 0;
			defaultConfigurationName = Release;
		};
		C63ECC382C43756D007278B1 /* Build configuration list for PBXNativeTarget "ios-test" */ = {
			isa = XCConfigurationList;
			buildConfigurations = (
				C63ECC392C43756D007278B1 /* Debug */,
				C63ECC3A2C43756D007278B1 /* Release */,
			);
			defaultConfigurationIsVisible = 0;
			defaultConfigurationName = Release;
		};
		C63ECC3B2C43756D007278B1 /* Build configuration list for PBXNativeTarget "ios-testTests" */ = {
			isa = XCConfigurationList;
			buildConfigurations = (
				C63ECC3C2C43756D007278B1 /* Debug */,
				C63ECC3D2C43756D007278B1 /* Release */,
			);
			defaultConfigurationIsVisible = 0;
			defaultConfigurationName = Release;
		};
		C63ECC3E2C43756D007278B1 /* Build configuration list for PBXNativeTarget "ios-testUITests" */ = {
			isa = XCConfigurationList;
			buildConfigurations = (
				C63ECC3F2C43756D007278B1 /* Debug */,
				C63ECC402C43756D007278B1 /* Release */,
			);
			defaultConfigurationIsVisible = 0;
			defaultConfigurationName = Release;
		};
/* End XCConfigurationList section */

/* Begin XCRemoteSwiftPackageReference section */
		C63ECC432C439422007278B1 /* XCRemoteSwiftPackageReference "SwiftyGif" */ = {
			isa = XCRemoteSwiftPackageReference;
			repositoryURL = "https://github.com/kirualex/SwiftyGif.git";
			requirement = {
				kind = upToNextMajorVersion;
				minimumVersion = 5.4.5;
			};
		};
/* End XCRemoteSwiftPackageReference section */

/* Begin XCSwiftPackageProductDependency section */
		C63ECC462C43992C007278B1 /* SwiftyGif */ = {
			isa = XCSwiftPackageProductDependency;
			package = C63ECC432C439422007278B1 /* XCRemoteSwiftPackageReference "SwiftyGif" */;
			productName = SwiftyGif;
		};
/* End XCSwiftPackageProductDependency section */
	};
	rootObject = C63ECC0C2C43756B007278B1 /* Project object */;
}
